
Microsoft Visual Studio Solution File, Format Version 12.00
# Visual Studio Version 17
VisualStudioVersion = 17.2.32516.85
MinimumVisualStudioVersion = 10.0.40219.1
Project("{2150E333-8FDC-42A3-9474-1A3956D46DE8}") = "FrontEnd", "FrontEnd", "{105C0C1A-AF4C-48BF-B9A2-E6D7CC8228E3}"
EndProject
Project("{2150E333-8FDC-42A3-9474-1A3956D46DE8}") = "Services", "Services", "{D9B4E638-8D6E-4D65-91C1-9CA725A77C0C}"
EndProject
Project("{9A19103F-16F7-4668-BE54-9A1E7A4F7556}") = "GeekShopping.Web", "GeekShopping.Web\GeekShopping.Web.csproj", "{588EAFEF-803E-48F7-B6F4-D1A8DEEDC642}"
EndProject
Project("{9A19103F-16F7-4668-BE54-9A1E7A4F7556}") = "GeekShopping.ProductAPI", "GeekShopping.ProductAPI\GeekShopping.ProductAPI.csproj", "{33C63A99-56D8-4375-953D-3E9C13F00A32}"
EndProject
Project("{9A19103F-16F7-4668-BE54-9A1E7A4F7556}") = "GeekShopping.IdentityServer", "GeekShopping.IdentityServer\GeekShopping.IdentityServer.csproj", "{6AA6D206-5D21-4D5E-BA26-8E90FFD492C6}"
EndProject
Project("{9A19103F-16F7-4668-BE54-9A1E7A4F7556}") = "GeekShopping.CartAPI", "GeekShopping.CartAPI\GeekShopping.CartAPI.csproj", "{5F3318B3-0AAA-4CD7-998B-BAD970B27919}"
EndProject
Project("{9A19103F-16F7-4668-BE54-9A1E7A4F7556}") = "GeekShopping.CouponAPI", "GeekShopping.CouponAPI\GeekShopping.CouponAPI.csproj", "{D967F5AB-254F-47F3-9BF8-E1C2D3EE3501}"
EndProject
Project("{2150E333-8FDC-42A3-9474-1A3956D46DE8}") = "Integration", "Integration", "{6777380D-8BC2-4535-910B-A9AACBA20FEB}"
EndProject
Project("{9A19103F-16F7-4668-BE54-9A1E7A4F7556}") = "GeekShopping.MessageBus", "GeekShopping.MessageBus\GeekShopping.MessageBus.csproj", "{93AF1D13-A2A5-4046-937C-018F4826CE14}"
EndProject
Project("{9A19103F-16F7-4668-BE54-9A1E7A4F7556}") = "GeekShopping.OrderAPI", "GeekShopping.OrderAPI\GeekShopping.OrderAPI.csproj", "{C4E94945-E634-4EEB-B4E8-9E30D0298743}"
EndProject
Project("{2150E333-8FDC-42A3-9474-1A3956D46DE8}") = "Payments", "Payments", "{0EB54257-A51D-4792-B29D-ED7CA4878ABF}"
EndProject
Project("{FAE04EC0-301F-11D3-BF4B-00C04F79EFBC}") = "GeekShopping.PaymentProcessor", "GeekShopping.PaymentProcessor\GeekShopping.PaymentProcessor.csproj", "{698991E8-E4DA-42FB-AC79-2824AAE5B052}"
EndProject
Project("{FAE04EC0-301F-11D3-BF4B-00C04F79EFBC}") = "GeekShopping.PaymentAPI", "GeekShopping.PaymentAPI\GeekShopping.PaymentAPI.csproj", "{22C58469-4B98-40EF-9271-6E599ADF23E5}"
EndProject
Global
	GlobalSection(SolutionConfigurationPlatforms) = preSolution
		Debug|Any CPU = Debug|Any CPU
		Release|Any CPU = Release|Any CPU
	EndGlobalSection
	GlobalSection(ProjectConfigurationPlatforms) = postSolution
		{588EAFEF-803E-48F7-B6F4-D1A8DEEDC642}.Debug|Any CPU.ActiveCfg = Debug|Any CPU
		{588EAFEF-803E-48F7-B6F4-D1A8DEEDC642}.Debug|Any CPU.Build.0 = Debug|Any CPU
		{588EAFEF-803E-48F7-B6F4-D1A8DEEDC642}.Release|Any CPU.ActiveCfg = Release|Any CPU
		{588EAFEF-803E-48F7-B6F4-D1A8DEEDC642}.Release|Any CPU.Build.0 = Release|Any CPU
		{33C63A99-56D8-4375-953D-3E9C13F00A32}.Debug|Any CPU.ActiveCfg = Debug|Any CPU
		{33C63A99-56D8-4375-953D-3E9C13F00A32}.Debug|Any CPU.Build.0 = Debug|Any CPU
		{33C63A99-56D8-4375-953D-3E9C13F00A32}.Release|Any CPU.ActiveCfg = Release|Any CPU
		{33C63A99-56D8-4375-953D-3E9C13F00A32}.Release|Any CPU.Build.0 = Release|Any CPU
		{6AA6D206-5D21-4D5E-BA26-8E90FFD492C6}.Debug|Any CPU.ActiveCfg = Debug|Any CPU
		{6AA6D206-5D21-4D5E-BA26-8E90FFD492C6}.Debug|Any CPU.Build.0 = Debug|Any CPU
		{6AA6D206-5D21-4D5E-BA26-8E90FFD492C6}.Release|Any CPU.ActiveCfg = Release|Any CPU
		{6AA6D206-5D21-4D5E-BA26-8E90FFD492C6}.Release|Any CPU.Build.0 = Release|Any CPU
		{5F3318B3-0AAA-4CD7-998B-BAD970B27919}.Debug|Any CPU.ActiveCfg = Debug|Any CPU
		{5F3318B3-0AAA-4CD7-998B-BAD970B27919}.Debug|Any CPU.Build.0 = Debug|Any CPU
		{5F3318B3-0AAA-4CD7-998B-BAD970B27919}.Release|Any CPU.ActiveCfg = Release|Any CPU
		{5F3318B3-0AAA-4CD7-998B-BAD970B27919}.Release|Any CPU.Build.0 = Release|Any CPU
		{D967F5AB-254F-47F3-9BF8-E1C2D3EE3501}.Debug|Any CPU.ActiveCfg = Debug|Any CPU
		{D967F5AB-254F-47F3-9BF8-E1C2D3EE3501}.Debug|Any CPU.Build.0 = Debug|Any CPU
		{D967F5AB-254F-47F3-9BF8-E1C2D3EE3501}.Release|Any CPU.ActiveCfg = Release|Any CPU
		{D967F5AB-254F-47F3-9BF8-E1C2D3EE3501}.Release|Any CPU.Build.0 = Release|Any CPU
		{93AF1D13-A2A5-4046-937C-018F4826CE14}.Debug|Any CPU.ActiveCfg = Debug|Any CPU
		{93AF1D13-A2A5-4046-937C-018F4826CE14}.Debug|Any CPU.Build.0 = Debug|Any CPU
		{93AF1D13-A2A5-4046-937C-018F4826CE14}.Release|Any CPU.ActiveCfg = Release|Any CPU
		{93AF1D13-A2A5-4046-937C-018F4826CE14}.Release|Any CPU.Build.0 = Release|Any CPU
		{C4E94945-E634-4EEB-B4E8-9E30D0298743}.Debug|Any CPU.ActiveCfg = Debug|Any CPU
		{C4E94945-E634-4EEB-B4E8-9E30D0298743}.Debug|Any CPU.Build.0 = Debug|Any CPU
		{C4E94945-E634-4EEB-B4E8-9E30D0298743}.Release|Any CPU.ActiveCfg = Release|Any CPU
		{C4E94945-E634-4EEB-B4E8-9E30D0298743}.Release|Any CPU.Build.0 = Release|Any CPU
		{698991E8-E4DA-42FB-AC79-2824AAE5B052}.Debug|Any CPU.ActiveCfg = Debug|Any CPU
		{698991E8-E4DA-42FB-AC79-2824AAE5B052}.Debug|Any CPU.Build.0 = Debug|Any CPU
		{698991E8-E4DA-42FB-AC79-2824AAE5B052}.Release|Any CPU.ActiveCfg = Release|Any CPU
		{698991E8-E4DA-42FB-AC79-2824AAE5B052}.Release|Any CPU.Build.0 = Release|Any CPU
		{22C58469-4B98-40EF-9271-6E599ADF23E5}.Debug|Any CPU.ActiveCfg = Debug|Any CPU
		{22C58469-4B98-40EF-9271-6E599ADF23E5}.Debug|Any CPU.Build.0 = Debug|Any CPU
		{22C58469-4B98-40EF-9271-6E599ADF23E5}.Release|Any CPU.ActiveCfg = Release|Any CPU
		{22C58469-4B98-40EF-9271-6E599ADF23E5}.Release|Any CPU.Build.0 = Release|Any CPU
	EndGlobalSection
	GlobalSection(SolutionProperties) = preSolution
		HideSolutionNode = FALSE
	EndGlobalSection
	GlobalSection(NestedProjects) = preSolution
		{588EAFEF-803E-48F7-B6F4-D1A8DEEDC642} = {105C0C1A-AF4C-48BF-B9A2-E6D7CC8228E3}
		{33C63A99-56D8-4375-953D-3E9C13F00A32} = {D9B4E638-8D6E-4D65-91C1-9CA725A77C0C}
		{6AA6D206-5D21-4D5E-BA26-8E90FFD492C6} = {D9B4E638-8D6E-4D65-91C1-9CA725A77C0C}
		{5F3318B3-0AAA-4CD7-998B-BAD970B27919} = {D9B4E638-8D6E-4D65-91C1-9CA725A77C0C}
		{D967F5AB-254F-47F3-9BF8-E1C2D3EE3501} = {D9B4E638-8D6E-4D65-91C1-9CA725A77C0C}
		{93AF1D13-A2A5-4046-937C-018F4826CE14} = {6777380D-8BC2-4535-910B-A9AACBA20FEB}
		{C4E94945-E634-4EEB-B4E8-9E30D0298743} = {D9B4E638-8D6E-4D65-91C1-9CA725A77C0C}
		{698991E8-E4DA-42FB-AC79-2824AAE5B052} = {0EB54257-A51D-4792-B29D-ED7CA4878ABF}
		{22C58469-4B98-40EF-9271-6E599ADF23E5} = {D9B4E638-8D6E-4D65-91C1-9CA725A77C0C}
	EndGlobalSection
	GlobalSection(ExtensibilityGlobals) = postSolution
		SolutionGuid = {FE7F64BD-223A-4521-9B8B-EA931AEA5CE1}
	EndGlobalSection
EndGlobal
